{
  "name": "web app portfolio",
  "lockfileVersion": 3,
  "requires": true,
  "packages": {
    "": {
      "dependencies": {
        "page-mascot": "^0.1.0"
      }
    },
    "node_modules/page-mascot": {
      "version": "0.1.0",
      "resolved": "https://registry.npmjs.org/page-mascot/-/page-mascot-0.1.0.tgz",
      "integrity": "sha512-sw/BIqRKJ7nUfaxAGtmwQqm534I+lb2ZiXLDWZNexR1VF1RkmRl6BLVtj7hH+PrsiCPKtxHhA3IpVkXEm72FeA==",
      "license": "MIT",
      "engines": {
        "node": ">=20"
      },
      "peerDependencies": {
        "react": ">=18"
      }
    },
    "node_modules/react": {
      "version": "19.3.0",
      "resolved": "https://registry.npmjs.org/react/-/react-19.3.0.tgz",
      "integrity": "sha512-E8LUcbtBWt20bbl2YoHfx4ZDBdxVTfOKtCZn9cDSJ4l6/nuoApcpIBcj47t2wZoVX8g2ZHuMHbiShgCR1T5Sog==",
      "license": "MIT",
      "peer": true,
      "engines": {
        "node": ">=0.10.0"
      }
    }
  }
}
